
Microsoft Visual Studio Solution File, Format Version 12.00
# Visual Studio Version 16
VisualStudioVersion = 16.0.30114.105
MinimumVisualStudioVersion = 10.0.40219.1
Project("{2150E333-8FDC-42A3-9474-1A3956D46DE8}") = "src", "src", "{C7AB2AC1-7364-44B6-BDB9-FE13E8EF081B}"
EndProject
Project("{FAE04EC0-301F-11D3-BF4B-00C04F79EFBC}") = "VendingMachine.Business", "src\VendingMachine.Business\VendingMachine.Business.csproj", "{0111616E-5CC3-44E7-AFFD-B0B19E2DA2A8}"
EndProject
Project("{2150E333-8FDC-42A3-9474-1A3956D46DE8}") = "tests", "tests", "{4F759BE6-0DF2-406B-8D83-1A51F1C305C6}"
EndProject
Project("{FAE04EC0-301F-11D3-BF4B-00C04F79EFBC}") = "VendingMachine.Tests", "tests\VendingMachine.Tests\VendingMachine.Tests.csproj", "{2C85968E-54F8-432D-88A0-3B3AF6594BB4}"
EndProject
Global
	GlobalSection(SolutionConfigurationPlatforms) = preSolution
		Debug|Any CPU = Debug|Any CPU
		Release|Any CPU = Release|Any CPU
	EndGlobalSection
	GlobalSection(SolutionProperties) = preSolution
		HideSolutionNode = FALSE
	EndGlobalSection
	GlobalSection(ProjectConfigurationPlatforms) = postSolution
		{0111616E-5CC3-44E7-AFFD-B0B19E2DA2A8}.Debug|Any CPU.ActiveCfg = Debug|Any CPU
		{0111616E-5CC3-44E7-AFFD-B0B19E2DA2A8}.Debug|Any CPU.Build.0 = Debug|Any CPU
		{0111616E-5CC3-44E7-AFFD-B0B19E2DA2A8}.Release|Any CPU.ActiveCfg = Release|Any CPU
		{0111616E-5CC3-44E7-AFFD-B0B19E2DA2A8}.Release|Any CPU.Build.0 = Release|Any CPU
		{2C85968E-54F8-432D-88A0-3B3AF6594BB4}.Debug|Any CPU.ActiveCfg = Debug|Any CPU
		{2C85968E-54F8-432D-88A0-3B3AF6594BB4}.Debug|Any CPU.Build.0 = Debug|Any CPU
		{2C85968E-54F8-432D-88A0-3B3AF6594BB4}.Release|Any CPU.ActiveCfg = Release|Any CPU
		{2C85968E-54F8-432D-88A0-3B3AF6594BB4}.Release|Any CPU.Build.0 = Release|Any CPU
	EndGlobalSection
	GlobalSection(NestedProjects) = preSolution
		{0111616E-5CC3-44E7-AFFD-B0B19E2DA2A8} = {C7AB2AC1-7364-44B6-BDB9-FE13E8EF081B}
		{2C85968E-54F8-432D-88A0-3B3AF6594BB4} = {4F759BE6-0DF2-406B-8D83-1A51F1C305C6}
	EndGlobalSection
EndGlobal
